{
  "requires": true,
  "lockfileVersion": 1,
  "dependencies": {
    "three": {
      "version": "0.104.0",
      "resolved": "https://registry.npmjs.org/three/-/three-0.104.0.tgz",
      "integrity": "sha512-q617IMBC5k40U2E9UC4/LtmhzTOOLB1jGMIooUL+QrhZ7abiGCSDrKrpCDt9V8RTl6xw+0FYfA1PYsIPKbQOgg=="
    },
    "three-gltf-loader": {
      "version": "1.104.0",
      "resolved": "https://registry.npmjs.org/three-gltf-loader/-/three-gltf-loader-1.104.0.tgz",
      "integrity": "sha512-fCflJzo1xRAhibhfa2QwkSlgkY+fZyWmYGjmQ7rmAh//5GkcgJ9kLb+Fh9LDIGgSx8Np6YqUCKLmiQsdLUAZeg=="
    },
    "threejs-orbit-controls": {
      "version": "1.0.3",
      "resolved": "https://registry.npmjs.org/threejs-orbit-controls/-/threejs-orbit-controls-1.0.3.tgz",
      "integrity": "sha512-NTberS5RpxDkPVwWo6st9NzwX4xjCGgDk7yKJvdniTgMTD38vmtyMY9wNnNDQtyIy7t13Gdy/xePzwYW723saQ==",
      "requires": {
        "three": "^0.95.0"
      },
      "dependencies": {
        "three": {
          "version": "0.95.0",
          "resolved": "https://registry.npmjs.org/three/-/three-0.95.0.tgz",
          "integrity": "sha512-vy6jMYs7CDwn47CejYHNi+++OdQue7xGIBhbLfekQ/G6MDxKRm0QB0/xWScz46/JvQAvF6pJAS5Q907l0i5iQA=="
        }
      }
    }
  }
}
